
Microsoft Visual Studio Solution File, Format Version 12.00
Project("{FAE04EC0-301F-11D3-BF4B-00C04F79EFBC}") = "TechnortalDotNetTrainingBatch3.ConsoleApp", "TechnortalDotNetTrainingBatch3.ConsoleApp\TechnortalDotNetTrainingBatch3.ConsoleApp.csproj", "{876D36DC-3BF9-4EC2-AE76-EB7E1BDE2851}"
EndProject
Project("{FAE04EC0-301F-11D3-BF4B-00C04F79EFBC}") = "TechnortalDotNetTrainingBatch3.ConsoleApp2", "TechnortalDotNetTrainingBatch3.ConsoleApp2\TechnortalDotNetTrainingBatch3.ConsoleApp2.csproj", "{8DC12BF3-548D-4475-A23B-A09AD490B403}"
EndProject
Project("{FAE04EC0-301F-11D3-BF4B-00C04F79EFBC}") = "TechnortalDotNetTrainingBatch3.ConsoleApp2.Database", "TechnortalDotNetTrainingBatch3.ConsoleApp2.Database\TechnortalDotNetTrainingBatch3.ConsoleApp2.Database.csproj", "{D6313304-A3F5-407A-A788-EC75A1598930}"
EndProject
Project("{FAE04EC0-301F-11D3-BF4B-00C04F79EFBC}") = "TechnortalDotNetTrainingBatch3.ConsoleApp3", "TechnortalDotNetTrainingBatch3.ConsoleApp3\TechnortalDotNetTrainingBatch3.ConsoleApp3.csproj", "{310E58D4-7376-4FEC-B4B7-565A7417DD79}"
EndProject
Project("{FAE04EC0-301F-11D3-BF4B-00C04F79EFBC}") = "TechnortalDotNetTrainingBatch3.ConsoleApp3.Database", "TechnortalDotNetTrainingBatch3.ConsoleApp3.Database\TechnortalDotNetTrainingBatch3.ConsoleApp3.Database.csproj", "{DE2C8D30-D53B-4D77-99BC-E579EBF40F1F}"
EndProject
Project("{FAE04EC0-301F-11D3-BF4B-00C04F79EFBC}") = "TechnortalDotNetTrainingBatch3.MiniBankingConsoleApp", "TechnortalDotNetTrainingBatch3.MiniBankingConsoleApp\TechnortalDotNetTrainingBatch3.MiniBankingConsoleApp.csproj", "{A8F283E4-10A5-4A50-A520-F650F9B2D034}"
EndProject
Project("{FAE04EC0-301F-11D3-BF4B-00C04F79EFBC}") = "TechnortalDotNetTrainingBatch3.MiniBankingDatabase", "TechnortalDotNetTrainingBatch3.MiniBankingDatabase\TechnortalDotNetTrainingBatch3.MiniBankingDatabase.csproj", "{61E7AFA9-26AC-418D-ABED-6D902518C1E1}"
EndProject
Project("{FAE04EC0-301F-11D3-BF4B-00C04F79EFBC}") = "TechnortalDotNetTrainingBatch3.Shared", "TechnortalDotNetTrainingBatch3.Shared\TechnortalDotNetTrainingBatch3.Shared.csproj", "{AE3DB742-B265-4125-90FB-C8F33908A313}"
EndProject
Global
	GlobalSection(SolutionConfigurationPlatforms) = preSolution
		Debug|Any CPU = Debug|Any CPU
		Release|Any CPU = Release|Any CPU
	EndGlobalSection
	GlobalSection(ProjectConfigurationPlatforms) = postSolution
		{876D36DC-3BF9-4EC2-AE76-EB7E1BDE2851}.Debug|Any CPU.ActiveCfg = Debug|Any CPU
		{876D36DC-3BF9-4EC2-AE76-EB7E1BDE2851}.Debug|Any CPU.Build.0 = Debug|Any CPU
		{876D36DC-3BF9-4EC2-AE76-EB7E1BDE2851}.Release|Any CPU.ActiveCfg = Release|Any CPU
		{876D36DC-3BF9-4EC2-AE76-EB7E1BDE2851}.Release|Any CPU.Build.0 = Release|Any CPU
		{8DC12BF3-548D-4475-A23B-A09AD490B403}.Debug|Any CPU.ActiveCfg = Debug|Any CPU
		{8DC12BF3-548D-4475-A23B-A09AD490B403}.Debug|Any CPU.Build.0 = Debug|Any CPU
		{8DC12BF3-548D-4475-A23B-A09AD490B403}.Release|Any CPU.ActiveCfg = Release|Any CPU
		{8DC12BF3-548D-4475-A23B-A09AD490B403}.Release|Any CPU.Build.0 = Release|Any CPU
		{D6313304-A3F5-407A-A788-EC75A1598930}.Debug|Any CPU.ActiveCfg = Debug|Any CPU
		{D6313304-A3F5-407A-A788-EC75A1598930}.Debug|Any CPU.Build.0 = Debug|Any CPU
		{D6313304-A3F5-407A-A788-EC75A1598930}.Release|Any CPU.ActiveCfg = Release|Any CPU
		{D6313304-A3F5-407A-A788-EC75A1598930}.Release|Any CPU.Build.0 = Release|Any CPU
		{310E58D4-7376-4FEC-B4B7-565A7417DD79}.Debug|Any CPU.ActiveCfg = Debug|Any CPU
		{310E58D4-7376-4FEC-B4B7-565A7417DD79}.Debug|Any CPU.Build.0 = Debug|Any CPU
		{310E58D4-7376-4FEC-B4B7-565A7417DD79}.Release|Any CPU.ActiveCfg = Release|Any CPU
		{310E58D4-7376-4FEC-B4B7-565A7417DD79}.Release|Any CPU.Build.0 = Release|Any CPU
		{DE2C8D30-D53B-4D77-99BC-E579EBF40F1F}.Debug|Any CPU.ActiveCfg = Debug|Any CPU
		{DE2C8D30-D53B-4D77-99BC-E579EBF40F1F}.Debug|Any CPU.Build.0 = Debug|Any CPU
		{DE2C8D30-D53B-4D77-99BC-E579EBF40F1F}.Release|Any CPU.ActiveCfg = Release|Any CPU
		{DE2C8D30-D53B-4D77-99BC-E579EBF40F1F}.Release|Any CPU.Build.0 = Release|Any CPU
		{A8F283E4-10A5-4A50-A520-F650F9B2D034}.Debug|Any CPU.ActiveCfg = Debug|Any CPU
		{A8F283E4-10A5-4A50-A520-F650F9B2D034}.Debug|Any CPU.Build.0 = Debug|Any CPU
		{A8F283E4-10A5-4A50-A520-F650F9B2D034}.Release|Any CPU.ActiveCfg = Release|Any CPU
		{A8F283E4-10A5-4A50-A520-F650F9B2D034}.Release|Any CPU.Build.0 = Release|Any CPU
		{61E7AFA9-26AC-418D-ABED-6D902518C1E1}.Debug|Any CPU.ActiveCfg = Debug|Any CPU
		{61E7AFA9-26AC-418D-ABED-6D902518C1E1}.Debug|Any CPU.Build.0 = Debug|Any CPU
		{61E7AFA9-26AC-418D-ABED-6D902518C1E1}.Release|Any CPU.ActiveCfg = Release|Any CPU
		{61E7AFA9-26AC-418D-ABED-6D902518C1E1}.Release|Any CPU.Build.0 = Release|Any CPU
		{AE3DB742-B265-4125-90FB-C8F33908A313}.Debug|Any CPU.ActiveCfg = Debug|Any CPU
		{AE3DB742-B265-4125-90FB-C8F33908A313}.Debug|Any CPU.Build.0 = Debug|Any CPU
		{AE3DB742-B265-4125-90FB-C8F33908A313}.Release|Any CPU.ActiveCfg = Release|Any CPU
		{AE3DB742-B265-4125-90FB-C8F33908A313}.Release|Any CPU.Build.0 = Release|Any CPU
	EndGlobalSection
EndGlobal
